
Microsoft Visual Studio Solution File, Format Version 12.00
# Visual Studio Version 16
VisualStudioVersion = 16.0.31321.278
MinimumVisualStudioVersion = 10.0.40219.1
Project("{FAE04EC0-301F-11D3-BF4B-00C04F79EFBC}") = "UsdtToken.Test", "UsdtToken\UsdtToken.Test.csproj", "{CC6E29E0-F5E1-485F-9295-B4133944F75E}"
EndProject
Project("{FAE04EC0-301F-11D3-BF4B-00C04F79EFBC}") = "UsdtToken.Api", "UsdtToken.Api\UsdtToken.Api.csproj", "{B9C445F1-8874-48DC-9465-2B850221C883}"
EndProject
Global
	GlobalSection(SolutionConfigurationPlatforms) = preSolution
		Debug|Any CPU = Debug|Any CPU
		Release|Any CPU = Release|Any CPU
	EndGlobalSection
	GlobalSection(ProjectConfigurationPlatforms) = postSolution
		{CC6E29E0-F5E1-485F-9295-B4133944F75E}.Debug|Any CPU.ActiveCfg = Debug|Any CPU
		{CC6E29E0-F5E1-485F-9295-B4133944F75E}.Debug|Any CPU.Build.0 = Debug|Any CPU
		{CC6E29E0-F5E1-485F-9295-B4133944F75E}.Release|Any CPU.ActiveCfg = Release|Any CPU
		{CC6E29E0-F5E1-485F-9295-B4133944F75E}.Release|Any CPU.Build.0 = Release|Any CPU
		{B9C445F1-8874-48DC-9465-2B850221C883}.Debug|Any CPU.ActiveCfg = Debug|Any CPU
		{B9C445F1-8874-48DC-9465-2B850221C883}.Debug|Any CPU.Build.0 = Debug|Any CPU
		{B9C445F1-8874-48DC-9465-2B850221C883}.Release|Any CPU.ActiveCfg = Release|Any CPU
		{B9C445F1-8874-48DC-9465-2B850221C883}.Release|Any CPU.Build.0 = Release|Any CPU
	EndGlobalSection
	GlobalSection(SolutionProperties) = preSolution
		HideSolutionNode = FALSE
	EndGlobalSection
	GlobalSection(ExtensibilityGlobals) = postSolution
		SolutionGuid = {8DCA134A-7FA6-4521-BC3B-E5F95387EAEA}
	EndGlobalSection
EndGlobal
